// !$*UTF8*$!
{
	archiveVersion = 1;
	classes = {
	};
	objectVersion = 56;
	objects = {

/* Begin PBXBuildFile section */
		FA3DBB532A548B6000838E35 /* AppDelegate.swift in Sources */ = {isa = PBXBuildFile; fileRef = FA3DBB522A548B6000838E35 /* AppDelegate.swift */; };
		FA3DBB552A548B6000838E35 /* SceneDelegate.swift in Sources */ = {isa = PBXBuildFile; fileRef = FA3DBB542A548B6000838E35 /* SceneDelegate.swift */; };
		FA3DBB572A548B6000838E35 /* ViewController.swift in Sources */ = {isa = PBXBuildFile; fileRef = FA3DBB562A548B6000838E35 /* ViewController.swift */; };
		FA3DBB5A2A548B6000838E35 /* Main.storyboard in Resources */ = {isa = PBXBuildFile; fileRef = FA3DBB582A548B6000838E35 /* Main.storyboard */; };
		FA3DBB5D2A548B6000838E35 /* kishore_tableview.xcdatamodeld in Sources */ = {isa = PBXBuildFile; fileRef = FA3DBB5B2A548B6000838E35 /* kishore_tableview.xcdatamodeld */; };
		FA3DBB5F2A548B6300838E35 /* Assets.xcassets in Resources */ = {isa = PBXBuildFile; fileRef = FA3DBB5E2A548B6300838E35 /* Assets.xcassets */; };
		FA3DBB622A548B6300838E35 /* LaunchScreen.storyboard in Resources */ = {isa = PBXBuildFile; fileRef = FA3DBB602A548B6300838E35 /* LaunchScreen.storyboard */; };
		FA3DBB6D2A548B6400838E35 /* kishore_tableviewTests.swift in Sources */ = {isa = PBXBuildFile; fileRef = FA3DBB6C2A548B6400838E35 /* kishore_tableviewTests.swift */; };
		FA3DBB772A548B6400838E35 /* kishore_tableviewUITests.swift in Sources */ = {isa = PBXBuildFile; fileRef = FA3DBB762A548B6400838E35 /* kishore_tableviewUITests.swift */; };
		FA3DBB792A548B6400838E35 /* kishore_tableviewUITestsLaunchTests.swift in Sources */ = {isa = PBXBuildFile; fileRef = FA3DBB782A548B6400838E35 /* kishore_tableviewUITestsLaunchTests.swift */; };
		FAE61DCB2A55707200FA747D /* oneTableViewCell.swift in Sources */ = {isa = PBXBuildFile; fileRef = FAE61DCA2A55707200FA747D /* oneTableViewCell.swift */; };
/* End PBXBuildFile section */

/* Begin PBXContainerItemProxy section */
		FA3DBB692A548B6400838E35 /* PBXContainerItemProxy */ = {
			isa = PBXContainerItemProxy;
			containerPortal = FA3DBB472A548B6000838E35 /* Project object */;
			proxyType = 1;
			remoteGlobalIDString = FA3DBB4E2A548B6000838E35;
			remoteInfo = "kishore tableview";
		};
		FA3DBB732A548B6400838E35 /* PBXContainerItemProxy */ = {
			isa = PBXContainerItemProxy;
			containerPortal = FA3DBB472A548B6000838E35 /* Project object */;
			proxyType = 1;
			remoteGlobalIDString = FA3DBB4E2A548B6000838E35;
			remoteInfo = "kishore tableview";
		};
/* End PBXContainerItemProxy section */

/* Begin PBXFileReference section */
		FA3DBB4F2A548B6000838E35 /* kishore tableview.app */ = {isa = PBXFileReference; explicitFileType = wrapper.application; includeInIndex = 0; path = "kishore tableview.app"; sourceTree = BUILT_PRODUCTS_DIR; };
		FA3DBB522A548B6000838E35 /* AppDelegate.swift */ = {isa = PBXFileReference; lastKnownFileType = sourcecode.swift; path = AppDelegate.swift; sourceTree = "<group>"; };
		FA3DBB542A548B6000838E35 /* SceneDelegate.swift */ = {isa = PBXFileReference; lastKnownFileType = sourcecode.swift; path = SceneDelegate.swift; sourceTree = "<group>"; };
		FA3DBB562A548B6000838E35 /* ViewController.swift */ = {isa = PBXFileReference; lastKnownFileType = sourcecode.swift; path = ViewController.swift; sourceTree = "<group>"; };
		FA3DBB592A548B6000838E35 /* Base */ = {isa = PBXFileReference; lastKnownFileType = file.storyboard; name = Base; path = Base.lproj/Main.storyboard; sourceTree = "<group>"; };
		FA3DBB5C2A548B6000838E35 /* kishore_tableview.xcdatamodel */ = {isa = PBXFileReference; lastKnownFileType = wrapper.xcdatamodel; path = kishore_tableview.xcdatamodel; sourceTree = "<group>"; };
		FA3DBB5E2A548B6300838E35 /* Assets.xcassets */ = {isa = PBXFileReference; lastKnownFileType = folder.assetcatalog; path = Assets.xcassets; sourceTree = "<group>"; };
		FA3DBB612A548B6300838E35 /* Base */ = {isa = PBXFileReference; lastKnownFileType = file.storyboard; name = Base; path = Base.lproj/LaunchScreen.storyboard; sourceTree = "<group>"; };
		FA3DBB632A548B6300838E35 /* Info.plist */ = {isa = PBXFileReference; lastKnownFileType = text.plist.xml; path = Info.plist; sourceTree = "<group>"; };
		FA3DBB682A548B6400838E35 /* kishore tableviewTests.xctest */ = {isa = PBXFileReference; explicitFileType = wrapper.cfbundle; includeInIndex = 0; path = "kishore tableviewTests.xctest"; sourceTree = BUILT_PRODUCTS_DIR; };
		FA3DBB6C2A548B6400838E35 /* kishore_tableviewTests.swift */ = {isa = PBXFileReference; lastKnownFileType = sourcecode.swift; path = kishore_tableviewTests.swift; sourceTree = "<group>"; };
		FA3DBB722A548B6400838E35 /* kishore tableviewUITests.xctest */ = {isa = PBXFileReference; explicitFileType = wrapper.cfbundle; includeInIndex = 0; path = "kishore tableviewUITests.xctest"; sourceTree = BUILT_PRODUCTS_DIR; };
		FA3DBB762A548B6400838E35 /* kishore_tableviewUITests.swift */ = {isa = PBXFileReference; lastKnownFileType = sourcecode.swift; path = kishore_tableviewUITests.swift; sourceTree = "<group>"; };
		FA3DBB782A548B6400838E35 /* kishore_tableviewUITestsLaunchTests.swift */ = {isa = PBXFileReference; lastKnownFileType = sourcecode.swift; path = kishore_tableviewUITestsLaunchTests.swift; sourceTree = "<group>"; };
		FAE61DCA2A55707200FA747D /* oneTableViewCell.swift */ = {isa = PBXFileReference; lastKnownFileType = sourcecode.swift; path = oneTableViewCell.swift; sourceTree = "<group>"; };
/* End PBXFileReference section */

/* Begin PBXFrameworksBuildPhase section */
		FA3DBB4C2A548B6000838E35 /* Frameworks */ = {
			isa = PBXFrameworksBuildPhase;
			buildActionMask = 2147483647;
			files = (
			);
			runOnlyForDeploymentPostprocessing = 0;
		};
		FA3DBB652A548B6400838E35 /* Frameworks */ = {
			isa = PBXFrameworksBuildPhase;
			buildActionMask = 2147483647;
			files = (
			);
			runOnlyForDeploymentPostprocessing = 0;
		};
		FA3DBB6F2A548B6400838E35 /* Frameworks */ = {
			isa = PBXFrameworksBuildPhase;
			buildActionMask = 2147483647;
			files = (
			);
			runOnlyForDeploymentPostprocessing = 0;
		};
/* End PBXFrameworksBuildPhase section */

/* Begin PBXGroup section */
		FA3DBB462A548B6000838E35 = {
			isa = PBXGroup;
			children = (
				FA3DBB512A548B6000838E35 /* kishore tableview */,
				FA3DBB6B2A548B6400838E35 /* kishore tableviewTests */,
				FA3DBB752A548B6400838E35 /* kishore tableviewUITests */,
				FA3DBB502A548B6000838E35 /* Products */,
			);
			sourceTree = "<group>";
		};
		FA3DBB502A548B6000838E35 /* Products */ = {
			isa = PBXGroup;
			children = (
				FA3DBB4F2A548B6000838E35 /* kishore tableview.app */,
				FA3DBB682A548B6400838E35 /* kishore tableviewTests.xctest */,
				FA3DBB722A548B6400838E35 /* kishore tableviewUITests.xctest */,
			);
			name = Products;
			sourceTree = "<group>";
		};
		FA3DBB512A548B6000838E35 /* kishore tableview */ = {
			isa = PBXGroup;
			children = (
				FA3DBB522A548B6000838E35 /* AppDelegate.swift */,
				FA3DBB542A548B6000838E35 /* SceneDelegate.swift */,
				FA3DBB562A548B6000838E35 /* ViewController.swift */,
				FA3DBB582A548B6000838E35 /* Main.storyboard */,
				FAE61DCA2A55707200FA747D /* oneTableViewCell.swift */,
				FA3DBB5E2A548B6300838E35 /* Assets.xcassets */,
				FA3DBB602A548B6300838E35 /* LaunchScreen.storyboard */,
				FA3DBB632A548B6300838E35 /* Info.plist */,
				FA3DBB5B2A548B6000838E35 /* kishore_tableview.xcdatamodeld */,
			);
			path = "kishore tableview";
			sourceTree = "<group>";
		};
		FA3DBB6B2A548B6400838E35 /* kishore tableviewTests */ = {
			isa = PBXGroup;
			children = (
				FA3DBB6C2A548B6400838E35 /* kishore_tableviewTests.swift */,
			);
			path = "kishore tableviewTests";
			sourceTree = "<group>";
		};
		FA3DBB752A548B6400838E35 /* kishore tableviewUITests */ = {
			isa = PBXGroup;
			children = (
				FA3DBB762A548B6400838E35 /* kishore_tableviewUITests.swift */,
				FA3DBB782A548B6400838E35 /* kishore_tableviewUITestsLaunchTests.swift */,
			);
			path = "kishore tableviewUITests";
			sourceTree = "<group>";
		};
/* End PBXGroup section */

/* Begin PBXNativeTarget section */
		FA3DBB4E2A548B6000838E35 /* kishore tableview */ = {
			isa = PBXNativeTarget;
			buildConfigurationList = FA3DBB7C2A548B6400838E35 /* Build configuration list for PBXNativeTarget "kishore tableview" */;
			buildPhases = (
				FA3DBB4B2A548B6000838E35 /* Sources */,
				FA3DBB4C2A548B6000838E35 /* Frameworks */,
				FA3DBB4D2A548B6000838E35 /* Resources */,
			);
			buildRules = (
			);
			dependencies = (
			);
			name = "kishore tableview";
			productName = "kishore tableview";
			productReference = FA3DBB4F2A548B6000838E35 /* kishore tableview.app */;
			productType = "com.apple.product-type.application";
		};
		FA3DBB672A548B6400838E35 /* kishore tableviewTests */ = {
			isa = PBXNativeTarget;
			buildConfigurationList = FA3DBB7F2A548B6400838E35 /* Build configuration list for PBXNativeTarget "kishore tableviewTests" */;
			buildPhases = (
				FA3DBB642A548B6400838E35 /* Sources */,
				FA3DBB652A548B6400838E35 /* Frameworks */,
				FA3DBB662A548B6400838E35 /* Resources */,
			);
			buildRules = (
			);
			dependencies = (
				FA3DBB6A2A548B6400838E35 /* PBXTargetDependency */,
			);
			name = "kishore tableviewTests";
			productName = "kishore tableviewTests";
			productReference = FA3DBB682A548B6400838E35 /* kishore tableviewTests.xctest */;
			productType = "com.apple.product-type.bundle.unit-test";
		};
		FA3DBB712A548B6400838E35 /* kishore tableviewUITests */ = {
			isa = PBXNativeTarget;
			buildConfigurationList = FA3DBB822A548B6400838E35 /* Build configuration list for PBXNativeTarget "kishore tableviewUITests" */;
			buildPhases = (
				FA3DBB6E2A548B6400838E35 /* Sources */,
				FA3DBB6F2A548B6400838E35 /* Frameworks */,
				FA3DBB702A548B6400838E35 /* Resources */,
			);
			buildRules = (
			);
			dependencies = (
				FA3DBB742A548B6400838E35 /* PBXTargetDependency */,
			);
			name = "kishore tableviewUITests";
			productName = "kishore tableviewUITests";
			productReference = FA3DBB722A548B6400838E35 /* kishore tableviewUITests.xctest */;
			productType = "com.apple.product-type.bundle.ui-testing";
		};
/* End PBXNativeTarget section */

/* Begin PBXProject section */
		FA3DBB472A548B6000838E35 /* Project object */ = {
			isa = PBXProject;
			attributes = {
				BuildIndependentTargetsInParallel = 1;
				LastSwiftUpdateCheck = 1420;
				LastUpgradeCheck = 1420;
				TargetAttributes = {
					FA3DBB4E2A548B6000838E35 = {
						CreatedOnToolsVersion = 14.2;
					};
					FA3DBB672A548B6400838E35 = {
						CreatedOnToolsVersion = 14.2;
						TestTargetID = FA3DBB4E2A548B6000838E35;
					};
					FA3DBB712A548B6400838E35 = {
						CreatedOnToolsVersion = 14.2;
						TestTargetID = FA3DBB4E2A548B6000838E35;
					};
				};
			};
			buildConfigurationList = FA3DBB4A2A548B6000838E35 /* Build configuration list for PBXProject "kishore tableview" */;
			compatibilityVersion = "Xcode 14.0";
			developmentRegion = en;
			hasScannedForEncodings = 0;
			knownRegions = (
				en,
				Base,
			);
			mainGroup = FA3DBB462A548B6000838E35;
			productRefGroup = FA3DBB502A548B6000838E35 /* Products */;
			projectDirPath = "";
			projectRoot = "";
			targets = (
				FA3DBB4E2A548B6000838E35 /* kishore tableview */,
				FA3DBB672A548B6400838E35 /* kishore tableviewTests */,
				FA3DBB712A548B6400838E35 /* kishore tableviewUITests */,
			);
		};
/* End PBXProject section */

/* Begin PBXResourcesBuildPhase section */
		FA3DBB4D2A548B6000838E35 /* Resources */ = {
			isa = PBXResourcesBuildPhase;
			buildActionMask = 2147483647;
			files = (
				FA3DBB622A548B6300838E35 /* LaunchScreen.storyboard in Resources */,
				FA3DBB5F2A548B6300838E35 /* Assets.xcassets in Resources */,
				FA3DBB5A2A548B6000838E35 /* Main.storyboard in Resources */,
			);
			runOnlyForDeploymentPostprocessing = 0;
		};
		FA3DBB662A548B6400838E35 /* Resources */ = {
			isa = PBXResourcesBuildPhase;
			buildActionMask = 2147483647;
			files = (
			);
			runOnlyForDeploymentPostprocessing = 0;
		};
		FA3DBB702A548B6400838E35 /* Resources */ = {
			isa = PBXResourcesBuildPhase;
			buildActionMask = 2147483647;
			files = (
			);
			runOnlyForDeploymentPostprocessing = 0;
		};
/* End PBXResourcesBuildPhase section */

/* Begin PBXSourcesBuildPhase section */
		FA3DBB4B2A548B6000838E35 /* Sources */ = {
			isa = PBXSourcesBuildPhase;
			buildActionMask = 2147483647;
			files = (
				FA3DBB572A548B6000838E35 /* ViewController.swift in Sources */,
				FA3DBB5D2A548B6000838E35 /* kishore_tableview.xcdatamodeld in Sources */,
				FAE61DCB2A55707200FA747D /* oneTableViewCell.swift in Sources */,
				FA3DBB532A548B6000838E35 /* AppDelegate.swift in Sources */,
				FA3DBB552A548B6000838E35 /* SceneDelegate.swift in Sources */,
			);
			runOnlyForDeploymentPostprocessing = 0;
		};
		FA3DBB642A548B6400838E35 /* Sources */ = {
			isa = PBXSourcesBuildPhase;
			buildActionMask = 2147483647;
			files = (
				FA3DBB6D2A548B6400838E35 /* kishore_tableviewTests.swift in Sources */,
			);
			runOnlyForDeploymentPostprocessing = 0;
		};
		FA3DBB6E2A548B6400838E35 /* Sources */ = {
			isa = PBXSourcesBuildPhase;
			buildActionMask = 2147483647;
			files = (
				FA3DBB792A548B6400838E35 /* kishore_tableviewUITestsLaunchTests.swift in Sources */,
				FA3DBB772A548B6400838E35 /* kishore_tableviewUITests.swift in Sources */,
			);
			runOnlyForDeploymentPostprocessing = 0;
		};
/* End PBXSourcesBuildPhase section */

/* Begin PBXTargetDependency section */
		FA3DBB6A2A548B6400838E35 /* PBXTargetDependency */ = {
			isa = PBXTargetDependency;
			target = FA3DBB4E2A548B6000838E35 /* kishore tableview */;
			targetProxy = FA3DBB692A548B6400838E35 /* PBXContainerItemProxy */;
		};
		FA3DBB742A548B6400838E35 /* PBXTargetDependency */ = {
			isa = PBXTargetDependency;
			target = FA3DBB4E2A548B6000838E35 /* kishore tableview */;
			targetProxy = FA3DBB732A548B6400838E35 /* PBXContainerItemProxy */;
		};
/* End PBXTargetDependency section */

/* Begin PBXVariantGroup section */
		FA3DBB582A548B6000838E35 /* Main.storyboard */ = {
			isa = PBXVariantGroup;
			children = (
				FA3DBB592A548B6000838E35 /* Base */,
			);
			name = Main.storyboard;
			sourceTree = "<group>";
		};
		FA3DBB602A548B6300838E35 /* LaunchScreen.storyboard */ = {
			isa = PBXVariantGroup;
			children = (
				FA3DBB612A548B6300838E35 /* Base */,
			);
			name = LaunchScreen.storyboard;
			sourceTree = "<group>";
		};
/* End PBXVariantGroup section */

/* Begin XCBuildConfiguration section */
		FA3DBB7A2A548B6400838E35 /* Debug */ = {
			isa = XCBuildConfiguration;
			buildSettings = {
				ALWAYS_SEARCH_USER_PATHS = NO;
				CLANG_ANALYZER_NONNULL = YES;
				CLANG_ANALYZER_NUMBER_OBJECT_CONVERSION = YES_AGGRESSIVE;
				CLANG_CXX_LANGUAGE_STANDARD = "gnu++20";
				CLANG_ENABLE_MODULES = YES;
				CLANG_ENABLE_OBJC_ARC = YES;
				CLANG_ENABLE_OBJC_WEAK = YES;
				CLANG_WARN_BLOCK_CAPTURE_AUTORELEASING = YES;
				CLANG_WARN_BOOL_CONVERSION = YES;
				CLANG_WARN_COMMA = YES;
				CLANG_WARN_CONSTANT_CONVERSION = YES;
				CLANG_WARN_DEPRECATED_OBJC_IMPLEMENTATIONS = YES;
				CLANG_WARN_DIRECT_OBJC_ISA_USAGE = YES_ERROR;
				CLANG_WARN_DOCUMENTATION_COMMENTS = YES;
				CLANG_WARN_EMPTY_BODY = YES;
				CLANG_WARN_ENUM_CONVERSION = YES;
				CLANG_WARN_INFINITE_RECURSION = YES;
				CLANG_WARN_INT_CONVERSION = YES;
				CLANG_WARN_NON_LITERAL_NULL_CONVERSION = YES;
				CLANG_WARN_OBJC_IMPLICIT_RETAIN_SELF = YES;
				CLANG_WARN_OBJC_LITERAL_CONVERSION = YES;
				CLANG_WARN_OBJC_ROOT_CLASS = YES_ERROR;
				CLANG_WARN_QUOTED_INCLUDE_IN_FRAMEWORK_HEADER = YES;
				CLANG_WARN_RANGE_LOOP_ANALYSIS = YES;
				CLANG_WARN_STRICT_PROTOTYPES = YES;
				CLANG_WARN_SUSPICIOUS_MOVE = YES;
				CLANG_WARN_UNGUARDED_AVAILABILITY = YES_AGGRESSIVE;
				CLANG_WARN_UNREACHABLE_CODE = YES;
				CLANG_WARN__DUPLICATE_METHOD_MATCH = YES;
				COPY_PHASE_STRIP = NO;
				DEBUG_INFORMATION_FORMAT = dwarf;
				ENABLE_STRICT_OBJC_MSGSEND = YES;
				ENABLE_TESTABILITY = YES;
				GCC_C_LANGUAGE_STANDARD = gnu11;
				GCC_DYNAMIC_NO_PIC = NO;
				GCC_NO_COMMON_BLOCKS = YES;
				GCC_OPTIMIZATION_LEVEL = 0;
				GCC_PREPROCESSOR_DEFINITIONS = (
					"DEBUG=1",
					"$(inherited)",
				);
				GCC_WARN_64_TO_32_BIT_CONVERSION = YES;
				GCC_WARN_ABOUT_RETURN_TYPE = YES_ERROR;
				GCC_WARN_UNDECLARED_SELECTOR = YES;
				GCC_WARN_UNINITIALIZED_AUTOS = YES_AGGRESSIVE;
				GCC_WARN_UNUSED_FUNCTION = YES;
				GCC_WARN_UNUSED_VARIABLE = YES;
				IPHONEOS_DEPLOYMENT_TARGET = 16.2;
				MTL_ENABLE_DEBUG_INFO = INCLUDE_SOURCE;
				MTL_FAST_MATH = YES;
				ONLY_ACTIVE_ARCH = YES;
				SDKROOT = iphoneos;
				SWIFT_ACTIVE_COMPILATION_CONDITIONS = DEBUG;
				SWIFT_OPTIMIZATION_LEVEL = "-Onone";
			};
			name = Debug;
		};
		FA3DBB7B2A548B6400838E35 /* Release */ = {
			isa = XCBuildConfiguration;
			buildSettings = {
				ALWAYS_SEARCH_USER_PATHS = NO;
				CLANG_ANALYZER_NONNULL = YES;
				CLANG_ANALYZER_NUMBER_OBJECT_CONVERSION = YES_AGGRESSIVE;
				CLANG_CXX_LANGUAGE_STANDARD = "gnu++20";
				CLANG_ENABLE_MODULES = YES;
				CLANG_ENABLE_OBJC_ARC = YES;
				CLANG_ENABLE_OBJC_WEAK = YES;
				CLANG_WARN_BLOCK_CAPTURE_AUTORELEASING = YES;
				CLANG_WARN_BOOL_CONVERSION = YES;
				CLANG_WARN_COMMA = YES;
				CLANG_WARN_CONSTANT_CONVERSION = YES;
				CLANG_WARN_DEPRECATED_OBJC_IMPLEMENTATIONS = YES;
				CLANG_WARN_DIRECT_OBJC_ISA_USAGE = YES_ERROR;
				CLANG_WARN_DOCUMENTATION_COMMENTS = YES;
				CLANG_WARN_EMPTY_BODY = YES;
				CLANG_WARN_ENUM_CONVERSION = YES;
				CLANG_WARN_INFINITE_RECURSION = YES;
				CLANG_WARN_INT_CONVERSION = YES;
				CLANG_WARN_NON_LITERAL_NULL_CONVERSION = YES;
				CLANG_WARN_OBJC_IMPLICIT_RETAIN_SELF = YES;
				CLANG_WARN_OBJC_LITERAL_CONVERSION = YES;
				CLANG_WARN_OBJC_ROOT_CLASS = YES_ERROR;
				CLANG_WARN_QUOTED_INCLUDE_IN_FRAMEWORK_HEADER = YES;
				CLANG_WARN_RANGE_LOOP_ANALYSIS = YES;
				CLANG_WARN_STRICT_PROTOTYPES = YES;
				CLANG_WARN_SUSPICIOUS_MOVE = YES;
				CLANG_WARN_UNGUARDED_AVAILABILITY = YES_AGGRESSIVE;
				CLANG_WARN_UNREACHABLE_CODE = YES;
				CLANG_WARN__DUPLICATE_METHOD_MATCH = YES;
				COPY_PHASE_STRIP = NO;
				DEBUG_INFORMATION_FORMAT = "dwarf-with-dsym";
				ENABLE_NS_ASSERTIONS = NO;
				ENABLE_STRICT_OBJC_MSGSEND = YES;
				GCC_C_LANGUAGE_STANDARD = gnu11;
				GCC_NO_COMMON_BLOCKS = YES;
				GCC_WARN_64_TO_32_BIT_CONVERSION = YES;
				GCC_WARN_ABOUT_RETURN_TYPE = YES_ERROR;
				GCC_WARN_UNDECLARED_SELECTOR = YES;
				GCC_WARN_UNINITIALIZED_AUTOS = YES_AGGRESSIVE;
				GCC_WARN_UNUSED_FUNCTION = YES;
				GCC_WARN_UNUSED_VARIABLE = YES;
				IPHONEOS_DEPLOYMENT_TARGET = 16.2;
				MTL_ENABLE_DEBUG_INFO = NO;
				MTL_FAST_MATH = YES;
				SDKROOT = iphoneos;
				SWIFT_COMPILATION_MODE = wholemodule;
				SWIFT_OPTIMIZATION_LEVEL = "-O";
				VALIDATE_PRODUCT = YES;
			};
			name = Release;
		};
		FA3DBB7D2A548B6400838E35 /* Debug */ = {
			isa = XCBuildConfiguration;
			buildSettings = {
				ASSETCATALOG_COMPILER_APPICON_NAME = AppIcon;
				ASSETCATALOG_COMPILER_GLOBAL_ACCENT_COLOR_NAME = AccentColor;
				CODE_SIGN_STYLE = Automatic;
				CURRENT_PROJECT_VERSION = 1;
				GENERATE_INFOPLIST_FILE = YES;
				INFOPLIST_FILE = "kishore tableview/Info.plist";
				INFOPLIST_KEY_UIApplicationSupportsIndirectInputEvents = YES;
				INFOPLIST_KEY_UILaunchStoryboardName = LaunchScreen;
				INFOPLIST_KEY_UIMainStoryboardFile = Main;
				INFOPLIST_KEY_UISupportedInterfaceOrientations_iPad = "UIInterfaceOrientationPortrait UIInterfaceOrientationPortraitUpsideDown UIInterfaceOrientationLandscapeLeft UIInterfaceOrientationLandscapeRight";
				INFOPLIST_KEY_UISupportedInterfaceOrientations_iPhone = "UIInterfaceOrientationPortrait UIInterfaceOrientationLandscapeLeft UIInterfaceOrientationLandscapeRight";
				LD_RUNPATH_SEARCH_PATHS = (
					"$(inherited)",
					"@executable_path/Frameworks",
				);
				MARKETING_VERSION = 1.0;
				PRODUCT_BUNDLE_IDENTIFIER = "G.K.kishore-tableview";
				PRODUCT_NAME = "$(TARGET_NAME)";
				SWIFT_EMIT_LOC_STRINGS = YES;
				SWIFT_VERSION = 5.0;
				TARGETED_DEVICE_FAMILY = "1,2";
			};
			name = Debug;
		};
		FA3DBB7E2A548B6400838E35 /* Release */ = {
			isa = XCBuildConfiguration;
			buildSettings = {
				ASSETCATALOG_COMPILER_APPICON_NAME = AppIcon;
				ASSETCATALOG_COMPILER_GLOBAL_ACCENT_COLOR_NAME = AccentColor;
				CODE_SIGN_STYLE = Automatic;
				CURRENT_PROJECT_VERSION = 1;
				GENERATE_INFOPLIST_FILE = YES;
				INFOPLIST_FILE = "kishore tableview/Info.plist";
				INFOPLIST_KEY_UIApplicationSupportsIndirectInputEvents = YES;
				INFOPLIST_KEY_UILaunchStoryboardName = LaunchScreen;
				INFOPLIST_KEY_UIMainStoryboardFile = Main;
				INFOPLIST_KEY_UISupportedInterfaceOrientations_iPad = "UIInterfaceOrientationPortrait UIInterfaceOrientationPortraitUpsideDown UIInterfaceOrientationLandscapeLeft UIInterfaceOrientationLandscapeRight";
				INFOPLIST_KEY_UISupportedInterfaceOrientations_iPhone = "UIInterfaceOrientationPortrait UIInterfaceOrientationLandscapeLeft UIInterfaceOrientationLandscapeRight";
				LD_RUNPATH_SEARCH_PATHS = (
					"$(inherited)",
					"@executable_path/Frameworks",
				);
				MARKETING_VERSION = 1.0;
				PRODUCT_BUNDLE_IDENTIFIER = "G.K.kishore-tableview";
				PRODUCT_NAME = "$(TARGET_NAME)";
				SWIFT_EMIT_LOC_STRINGS = YES;
				SWIFT_VERSION = 5.0;
				TARGETED_DEVICE_FAMILY = "1,2";
			};
			name = Release;
		};
		FA3DBB802A548B6400838E35 /* Debug */ = {
			isa = XCBuildConfiguration;
			buildSettings = {
				ALWAYS_EMBED_SWIFT_STANDARD_LIBRARIES = YES;
				BUNDLE_LOADER = "$(TEST_HOST)";
				CODE_SIGN_STYLE = Automatic;
				CURRENT_PROJECT_VERSION = 1;
				GENERATE_INFOPLIST_FILE = YES;
				IPHONEOS_DEPLOYMENT_TARGET = 16.2;
				MARKETING_VERSION = 1.0;
				PRODUCT_BUNDLE_IDENTIFIER = "G.K.kishore-tableviewTests";
				PRODUCT_NAME = "$(TARGET_NAME)";
				SWIFT_EMIT_LOC_STRINGS = NO;
				SWIFT_VERSION = 5.0;
				TARGETED_DEVICE_FAMILY = "1,2";
				TEST_HOST = "$(BUILT_PRODUCTS_DIR)/kishore tableview.app/$(BUNDLE_EXECUTABLE_FOLDER_PATH)/kishore tableview";
			};
			name = Debug;
		};
		FA3DBB812A548B6400838E35 /* Release */ = {
			isa = XCBuildConfiguration;
			buildSettings = {
				ALWAYS_EMBED_SWIFT_STANDARD_LIBRARIES = YES;
				BUNDLE_LOADER = "$(TEST_HOST)";
				CODE_SIGN_STYLE = Automatic;
				CURRENT_PROJECT_VERSION = 1;
				GENERATE_INFOPLIST_FILE = YES;
				IPHONEOS_DEPLOYMENT_TARGET = 16.2;
				MARKETING_VERSION = 1.0;
				PRODUCT_BUNDLE_IDENTIFIER = "G.K.kishore-tableviewTests";
				PRODUCT_NAME = "$(TARGET_NAME)";
				SWIFT_EMIT_LOC_STRINGS = NO;
				SWIFT_VERSION = 5.0;
				TARGETED_DEVICE_FAMILY = "1,2";
				TEST_HOST = "$(BUILT_PRODUCTS_DIR)/kishore tableview.app/$(BUNDLE_EXECUTABLE_FOLDER_PATH)/kishore tableview";
			};
			name = Release;
		};
		FA3DBB832A548B6400838E35 /* Debug */ = {
			isa = XCBuildConfiguration;
			buildSettings = {
				ALWAYS_EMBED_SWIFT_STANDARD_LIBRARIES = YES;
				CODE_SIGN_STYLE = Automatic;
				CURRENT_PROJECT_VERSION = 1;
				GENERATE_INFOPLIST_FILE = YES;
				MARKETING_VERSION = 1.0;
				PRODUCT_BUNDLE_IDENTIFIER = "G.K.kishore-tableviewUITests";
				PRODUCT_NAME = "$(TARGET_NAME)";
				SWIFT_EMIT_LOC_STRINGS = NO;
				SWIFT_VERSION = 5.0;
				TARGETED_DEVICE_FAMILY = "1,2";
				TEST_TARGET_NAME = "kishore tableview";
			};
			name = Debug;
		};
		FA3DBB842A548B6400838E35 /* Release */ = {
			isa = XCBuildConfiguration;
			buildSettings = {
				ALWAYS_EMBED_SWIFT_STANDARD_LIBRARIES = YES;
				CODE_SIGN_STYLE = Automatic;
				CURRENT_PROJECT_VERSION = 1;
				GENERATE_INFOPLIST_FILE = YES;
				MARKETING_VERSION = 1.0;
				PRODUCT_BUNDLE_IDENTIFIER = "G.K.kishore-tableviewUITests";
				PRODUCT_NAME = "$(TARGET_NAME)";
				SWIFT_EMIT_LOC_STRINGS = NO;
				SWIFT_VERSION = 5.0;
				TARGETED_DEVICE_FAMILY = "1,2";
				TEST_TARGET_NAME = "kishore tableview";
			};
			name = Release;
		};
/* End XCBuildConfiguration section */

/* Begin XCConfigurationList section */
		FA3DBB4A2A548B6000838E35 /* Build configuration list for PBXProject "kishore tableview" */ = {
			isa = XCConfigurationList;
			buildConfigurations = (
				FA3DBB7A2A548B6400838E35 /* Debug */,
				FA3DBB7B2A548B6400838E35 /* Release */,
			);
			defaultConfigurationIsVisible = 0;
			defaultConfigurationName = Release;
		};
		FA3DBB7C2A548B6400838E35 /* Build configuration list for PBXNativeTarget "kishore tableview" */ = {
			isa = XCConfigurationList;
			buildConfigurations = (
				FA3DBB7D2A548B6400838E35 /* Debug */,
				FA3DBB7E2A548B6400838E35 /* Release */,
			);
			defaultConfigurationIsVisible = 0;
			defaultConfigurationName = Release;
		};
		FA3DBB7F2A548B6400838E35 /* Build configuration list for PBXNativeTarget "kishore tableviewTests" */ = {
			isa = XCConfigurationList;
			buildConfigurations = (
				FA3DBB802A548B6400838E35 /* Debug */,
				FA3DBB812A548B6400838E35 /* Release */,
			);
			defaultConfigurationIsVisible = 0;
			defaultConfigurationName = Release;
		};
		FA3DBB822A548B6400838E35 /* Build configuration list for PBXNativeTarget "kishore tableviewUITests" */ = {
			isa = XCConfigurationList;
			buildConfigurations = (
				FA3DBB832A548B6400838E35 /* Debug */,
				FA3DBB842A548B6400838E35 /* Release */,
			);
			defaultConfigurationIsVisible = 0;
			defaultConfigurationName = Release;
		};
/* End XCConfigurationList section */

/* Begin XCVersionGroup section */
		FA3DBB5B2A548B6000838E35 /* kishore_tableview.xcdatamodeld */ = {
			isa = XCVersionGroup;
			children = (
				FA3DBB5C2A548B6000838E35 /* kishore_tableview.xcdatamodel */,
			);
			currentVersion = FA3DBB5C2A548B6000838E35 /* kishore_tableview.xcdatamodel */;
			path = kishore_tableview.xcdatamodeld;
			sourceTree = "<group>";
			versionGroupType = wrapper.xcdatamodel;
		};
/* End XCVersionGroup section */
	};
	rootObject = FA3DBB472A548B6000838E35 /* Project object */;
}
